
Microsoft Visual Studio Solution File, Format Version 12.00
# Visual Studio 15
VisualStudioVersion = 15.0.27703.2047
MinimumVisualStudioVersion = 10.0.40219.1
Project("{FAE04EC0-301F-11D3-BF4B-00C04F79EFBC}") = "BannerFlowApi", "BannerFlowApi\BannerFlowApi.csproj", "{51B15DA0-3C49-4F14-A012-EAAC9C73229A}"
EndProject
Project("{FAE04EC0-301F-11D3-BF4B-00C04F79EFBC}") = "BanneFlow.Service", "BanneFlow.Service\BanneFlow.Service.csproj", "{DC56B266-CB4E-402B-B776-C3F22C1330B2}"
EndProject
Project("{FAE04EC0-301F-11D3-BF4B-00C04F79EFBC}") = "BannerFlow.Repository", "BannerFlow.Repository\BannerFlow.Repository.csproj", "{B36E79F6-78A4-4D86-B282-6D31FB6AB2ED}"
EndProject
Project("{FAE04EC0-301F-11D3-BF4B-00C04F79EFBC}") = "BannerFlowWeb", "BannerFlowWeb\BannerFlowWeb.csproj", "{7D74F94C-2FF1-4419-8784-0E0CDEF464D7}"
EndProject
Project("{FAE04EC0-301F-11D3-BF4B-00C04F79EFBC}") = "BannerFlowApi.Test", "BannerFlowApi.Test\BannerFlowApi.Test.csproj", "{7841F619-A659-484F-BE7F-E06AAA9AC490}"
EndProject
Global
	GlobalSection(SolutionConfigurationPlatforms) = preSolution
		Debug|Any CPU = Debug|Any CPU
		Release|Any CPU = Release|Any CPU
	EndGlobalSection
	GlobalSection(ProjectConfigurationPlatforms) = postSolution
		{51B15DA0-3C49-4F14-A012-EAAC9C73229A}.Debug|Any CPU.ActiveCfg = Debug|Any CPU
		{51B15DA0-3C49-4F14-A012-EAAC9C73229A}.Debug|Any CPU.Build.0 = Debug|Any CPU
		{51B15DA0-3C49-4F14-A012-EAAC9C73229A}.Release|Any CPU.ActiveCfg = Release|Any CPU
		{51B15DA0-3C49-4F14-A012-EAAC9C73229A}.Release|Any CPU.Build.0 = Release|Any CPU
		{DC56B266-CB4E-402B-B776-C3F22C1330B2}.Debug|Any CPU.ActiveCfg = Debug|Any CPU
		{DC56B266-CB4E-402B-B776-C3F22C1330B2}.Debug|Any CPU.Build.0 = Debug|Any CPU
		{DC56B266-CB4E-402B-B776-C3F22C1330B2}.Release|Any CPU.ActiveCfg = Release|Any CPU
		{DC56B266-CB4E-402B-B776-C3F22C1330B2}.Release|Any CPU.Build.0 = Release|Any CPU
		{B36E79F6-78A4-4D86-B282-6D31FB6AB2ED}.Debug|Any CPU.ActiveCfg = Debug|Any CPU
		{B36E79F6-78A4-4D86-B282-6D31FB6AB2ED}.Debug|Any CPU.Build.0 = Debug|Any CPU
		{B36E79F6-78A4-4D86-B282-6D31FB6AB2ED}.Release|Any CPU.ActiveCfg = Release|Any CPU
		{B36E79F6-78A4-4D86-B282-6D31FB6AB2ED}.Release|Any CPU.Build.0 = Release|Any CPU
		{7D74F94C-2FF1-4419-8784-0E0CDEF464D7}.Debug|Any CPU.ActiveCfg = Debug|Any CPU
		{7D74F94C-2FF1-4419-8784-0E0CDEF464D7}.Debug|Any CPU.Build.0 = Debug|Any CPU
		{7D74F94C-2FF1-4419-8784-0E0CDEF464D7}.Release|Any CPU.ActiveCfg = Release|Any CPU
		{7D74F94C-2FF1-4419-8784-0E0CDEF464D7}.Release|Any CPU.Build.0 = Release|Any CPU
		{7841F619-A659-484F-BE7F-E06AAA9AC490}.Debug|Any CPU.ActiveCfg = Debug|Any CPU
		{7841F619-A659-484F-BE7F-E06AAA9AC490}.Debug|Any CPU.Build.0 = Debug|Any CPU
		{7841F619-A659-484F-BE7F-E06AAA9AC490}.Release|Any CPU.ActiveCfg = Release|Any CPU
		{7841F619-A659-484F-BE7F-E06AAA9AC490}.Release|Any CPU.Build.0 = Release|Any CPU
	EndGlobalSection
	GlobalSection(SolutionProperties) = preSolution
		HideSolutionNode = FALSE
	EndGlobalSection
	GlobalSection(ExtensibilityGlobals) = postSolution
		SolutionGuid = {8D7D738B-D6AD-4399-96AD-C6919EF5E849}
	EndGlobalSection
EndGlobal
